{
  "nodes": {
    "nixpkgs": {
      "locked": {
        "lastModified": 1659859897,
        "narHash": "sha256-jAppjCqvzi5O1ODp8K8p4Kql1YgtnAnO3iAsbW3622U=",
        "owner": "NixOS",
        "repo": "nixpkgs",
        "rev": "3c8a5fa9a699d6910bbe70490918f1a4adc1e462",
        "type": "github"
      },
      "original": {
        "id": "nixpkgs",
        "ref": "nixos-22.05",
        "type": "indirect"
      }
    },
    "root": {
      "inputs": {
        "nixpkgs": "nixpkgs"
      }
    }
  },
  "root": "root",
  "version": 7
}
